
Microsoft Visual Studio Solution File, Format Version 12.00
# Visual Studio Version 17
VisualStudioVersion = 17.0.31903.59
MinimumVisualStudioVersion = 10.0.40219.1
Project("{FAE04EC0-301F-11D3-BF4B-00C04F79EFBC}") = "OpenDrop.Core", "OpenDrop.Core\OpenDrop.Core.csproj", "{76BF4BF6-848A-4EB0-BEC2-C6F92BAD0595}"
EndProject
Project("{FAE04EC0-301F-11D3-BF4B-00C04F79EFBC}") = "OpenDrop.Infrastructure", "OpenDrop.Infrastructure\OpenDrop.Infrastructure.csproj", "{282966C4-0015-44F5-8BDB-438B73640296}"
EndProject
Project("{FAE04EC0-301F-11D3-BF4B-00C04F79EFBC}") = "OpenDrop.Tests", "OpenDrop.Tests\OpenDrop.Tests.csproj", "{99865770-8CE6-4810-94A3-B39CBECE1986}"
EndProject
Project("{FAE04EC0-301F-11D3-BF4B-00C04F79EFBC}") = "OpenDrop.App", "OpenDrop.App.csproj", "{EB596BBA-74F9-42F1-B14B-B35BB46E2BF2}"
EndProject
Global
	GlobalSection(SolutionConfigurationPlatforms) = preSolution
		Debug|Any CPU = Debug|Any CPU
		Release|Any CPU = Release|Any CPU
	EndGlobalSection
	GlobalSection(SolutionProperties) = preSolution
		HideSolutionNode = FALSE
	EndGlobalSection
	GlobalSection(ProjectConfigurationPlatforms) = postSolution
		{76BF4BF6-848A-4EB0-BEC2-C6F92BAD0595}.Debug|Any CPU.ActiveCfg = Debug|Any CPU
		{76BF4BF6-848A-4EB0-BEC2-C6F92BAD0595}.Debug|Any CPU.Build.0 = Debug|Any CPU
		{76BF4BF6-848A-4EB0-BEC2-C6F92BAD0595}.Release|Any CPU.ActiveCfg = Release|Any CPU
		{76BF4BF6-848A-4EB0-BEC2-C6F92BAD0595}.Release|Any CPU.Build.0 = Release|Any CPU
		{282966C4-0015-44F5-8BDB-438B73640296}.Debug|Any CPU.ActiveCfg = Debug|Any CPU
		{282966C4-0015-44F5-8BDB-438B73640296}.Debug|Any CPU.Build.0 = Debug|Any CPU
		{282966C4-0015-44F5-8BDB-438B73640296}.Release|Any CPU.ActiveCfg = Release|Any CPU
		{282966C4-0015-44F5-8BDB-438B73640296}.Release|Any CPU.Build.0 = Release|Any CPU
		{99865770-8CE6-4810-94A3-B39CBECE1986}.Debug|Any CPU.ActiveCfg = Debug|Any CPU
		{99865770-8CE6-4810-94A3-B39CBECE1986}.Debug|Any CPU.Build.0 = Debug|Any CPU
		{99865770-8CE6-4810-94A3-B39CBECE1986}.Release|Any CPU.ActiveCfg = Release|Any CPU
		{99865770-8CE6-4810-94A3-B39CBECE1986}.Release|Any CPU.Build.0 = Release|Any CPU
		{EB596BBA-74F9-42F1-B14B-B35BB46E2BF2}.Debug|Any CPU.ActiveCfg = Debug|x86
		{EB596BBA-74F9-42F1-B14B-B35BB46E2BF2}.Debug|Any CPU.Build.0 = Debug|x86
		{EB596BBA-74F9-42F1-B14B-B35BB46E2BF2}.Release|Any CPU.ActiveCfg = Release|x86
		{EB596BBA-74F9-42F1-B14B-B35BB46E2BF2}.Release|Any CPU.Build.0 = Release|x86
	EndGlobalSection
EndGlobal
